{
  "object": {
    "pins": [
      {
        "package": "Down",
        "repositoryURL": "https://github.com/davids11/Down.git",
        "state": {
          "branch": "master",
          "revision": "9bc952f40b6257b5e527e69014a09d12a805092e",
          "version": null
        }
      }
    ]
  },
  "version": 1
}
