{
  "object": {
    "pins": [
      {
        "package": "Down",
        "repositoryURL": "https://github.com/davids11/Down.git",
        "state": {
          "branch": "master",
          "revision": "d3423d6e4f3bda10ef6373954e9be48b8a20a72f",
          "version": null
        }
      }
    ]
  },
  "version": 1
}
